<?xml version="1.0" encoding="utf-8"?>
<Project ToolsVersion="4.0" xmlns="http://schemas.microsoft.com/developer/msbuild/2003">
  <ItemGroup>
    <Filter Include="Source Files">
      <UniqueIdentifier>{4FC737F1-C7A5-4376-A066-2A32D752A2FF}</UniqueIdentifier>
      <Extensions>cpp;c;cc;cxx;def;odl;idl;hpj;bat;asm;asmx</Extensions>
    </Filter>
    <Filter Include="Header Files">
      <UniqueIdentifier>{93995380-89BD-4b04-88EB-625FBE52EBFB}</UniqueIdentifier>
      <Extensions>h;hpp;hxx;hm;inl;inc;xsd</Extensions>
    </Filter>
    <Filter Include="Resource Files">
      <UniqueIdentifier>{67DA6AB6-F800-4c08-8B7A-83BB121AAD01}</UniqueIdentifier>
      <Extensions>rc;ico;cur;bmp;dlg;rc2;rct;bin;rgs;gif;jpg;jpeg;jpe;resx;tiff;tif;png;wav;mfcribbon-ms</Extensions>
    </Filter>
    <Filter Include="Source Files\engine">
      <UniqueIdentifier>{63cc8bc9-d5fb-4d65-9717-07f8bbe594a1}</UniqueIdentifier>
    </Filter>
    <Filter Include="Header Files\engine">
      <UniqueIdentifier>{380a0031-c0f2-4f1a-8b5b-691649ce2871}</UniqueIdentifier>
    </Filter>
    <Filter Include="Header Files\toolbox">
      <UniqueIdentifier>{65ad925b-f36c-41fc-a0bd-5c64c316d602}</UniqueIdentifier>
    </Filter>
    <Filter Include="Source Files\toolbox">
      <UniqueIdentifier>{fa50df2d-dd10-424e-9d29-4da9f4d9e8eb}</UniqueIdentifier>
    </Filter>
  </ItemGroup>
  <ItemGroup>
    <ClCompile Include="..\src\pluggable.cpp">
      <Filter>Source Files\engine</Filter>
    </ClCompile>
    <ClCompile Include="..\src\pokedex.cpp">
      <Filter>Source Files\engine</Filter>
    </ClCompile>
    <ClCompile Include="..\src\type.cpp">
      <Filter>Source Files\engine</Filter>
    </ClCompile>
    <ClCompile Include="..\src\ability.cpp">
      <Filter>Source Files\engine</Filter>
    </ClCompile>
    <ClCompile Include="..\src\move.cpp">
      <Filter>Source Files\engine</Filter>
    </ClCompile>
    <ClCompile Include="..\src\item.cpp">
      <Filter>Source Files\engine</Filter>
    </ClCompile>
    <ClCompile Include="..\src\nature.cpp">
      <Filter>Source Files\engine</Filter>
    </ClCompile>
    <ClCompile Include="..\src\pokemon_base.cpp">
      <Filter>Source Files\engine</Filter>
    </ClCompile>
    <ClCompile Include="..\src\move_volatile.cpp">
      <Filter>Source Files\engine</Filter>
    </ClCompile>
    <ClCompile Include="..\src\move_nonvolatile.cpp">
      <Filter>Source Files\engine</Filter>
    </ClCompile>
    <ClCompile Include="..\src\pokemon_volatile.cpp">
      <Filter>Source Files\engine</Filter>
    </ClCompile>
    <ClCompile Include="..\src\pokemon_nonvolatile.cpp">
      <Filter>Source Files\engine</Filter>
    </ClCompile>
    <ClCompile Include="..\src\team_volatile.cpp">
      <Filter>Source Files\engine</Filter>
    </ClCompile>
    <ClCompile Include="..\src\team_nonvolatile.cpp">
      <Filter>Source Files\engine</Filter>
    </ClCompile>
    <ClCompile Include="..\src\environment_volatile.cpp">
      <Filter>Source Files\engine</Filter>
    </ClCompile>
    <ClCompile Include="..\src\environment_nonvolatile.cpp">
      <Filter>Source Files\engine</Filter>
    </ClCompile>
    <ClCompile Include="..\src\environment_possible.cpp">
      <Filter>Source Files\engine</Filter>
    </ClCompile>
    <ClCompile Include="..\src\pkCU.cpp">
      <Filter>Source Files\engine</Filter>
    </ClCompile>
    <ClCompile Include="..\src\signature.cpp">
      <Filter>Source Files\toolbox</Filter>
    </ClCompile>
    <ClCompile Include="..\src\name.cpp">
      <Filter>Source Files\toolbox</Filter>
    </ClCompile>
    <ClCompile Include="..\src\fixedpoint\fixed_func.cpp">
      <Filter>Source Files\toolbox</Filter>
    </ClCompile>
    <ClCompile Include="..\src\init_toolbox.cpp">
      <Filter>Source Files\toolbox</Filter>
    </ClCompile>
  </ItemGroup>
  <ItemGroup>
    <ClInclude Include="..\inc\ability.h">
      <Filter>Header Files\engine</Filter>
    </ClInclude>
    <ClInclude Include="..\inc\environment_nonvolatile.h">
      <Filter>Header Files\engine</Filter>
    </ClInclude>
    <ClInclude Include="..\inc\environment_possible.h">
      <Filter>Header Files\engine</Filter>
    </ClInclude>
    <ClInclude Include="..\inc\environment_volatile.h">
      <Filter>Header Files\engine</Filter>
    </ClInclude>
    <ClInclude Include="..\inc\item.h">
      <Filter>Header Files\engine</Filter>
    </ClInclude>
    <ClInclude Include="..\inc\move.h">
      <Filter>Header Files\engine</Filter>
    </ClInclude>
    <ClInclude Include="..\inc\move_nonvolatile.h">
      <Filter>Header Files\engine</Filter>
    </ClInclude>
    <ClInclude Include="..\inc\move_volatile.h">
      <Filter>Header Files\engine</Filter>
    </ClInclude>
    <ClInclude Include="..\inc\nature.h">
      <Filter>Header Files\engine</Filter>
    </ClInclude>
    <ClInclude Include="..\inc\pkCU.h">
      <Filter>Header Files\engine</Filter>
    </ClInclude>
    <ClInclude Include="..\inc\pluggable.h">
      <Filter>Header Files\engine</Filter>
    </ClInclude>
    <ClInclude Include="..\inc\pluggable_types.h">
      <Filter>Header Files\engine</Filter>
    </ClInclude>
    <ClInclude Include="..\inc\plugin.h">
      <Filter>Header Files\engine</Filter>
    </ClInclude>
    <ClInclude Include="..\inc\pokedex.h">
      <Filter>Header Files\engine</Filter>
    </ClInclude>
    <ClInclude Include="..\inc\type.h">
      <Filter>Header Files\engine</Filter>
    </ClInclude>
    <ClInclude Include="..\inc\pokemon_base.h">
      <Filter>Header Files\engine</Filter>
    </ClInclude>
    <ClInclude Include="..\inc\pokemon_nonvolatile.h">
      <Filter>Header Files\engine</Filter>
    </ClInclude>
    <ClInclude Include="..\inc\pokemon_volatile.h">
      <Filter>Header Files\engine</Filter>
    </ClInclude>
    <ClInclude Include="..\inc\team_nonvolatile.h">
      <Filter>Header Files\engine</Filter>
    </ClInclude>
    <ClInclude Include="..\inc\team_volatile.h">
      <Filter>Header Files\engine</Filter>
    </ClInclude>
    <ClInclude Include="..\inc\signature.h">
      <Filter>Header Files\toolbox</Filter>
    </ClInclude>
    <ClInclude Include="..\inc\name.h">
      <Filter>Header Files\toolbox</Filter>
    </ClInclude>
    <ClInclude Include="..\src\fixedpoint\fixed_class.h">
      <Filter>Header Files\toolbox</Filter>
    </ClInclude>
    <ClInclude Include="..\src\fixedpoint\fixed_func.h">
      <Filter>Header Files\toolbox</Filter>
    </ClInclude>
    <ClInclude Include="..\src\fixedpoint\fixsintab.h">
      <Filter>Header Files\toolbox</Filter>
    </ClInclude>
    <ClInclude Include="..\inc\fp_compare.h">
      <Filter>Header Files\toolbox</Filter>
    </ClInclude>
    <ClInclude Include="..\inc\pkai.h">
      <Filter>Header Files</Filter>
    </ClInclude>
    <ClInclude Include="..\inc\orphan.h">
      <Filter>Header Files\toolbox</Filter>
    </ClInclude>
    <ClInclude Include="..\inc\init_toolbox.h">
      <Filter>Header Files\toolbox</Filter>
    </ClInclude>
  </ItemGroup>
</Project>