<?xml version="1.0" encoding="utf-8"?>
<Project ToolsVersion="4.0" xmlns="http://schemas.microsoft.com/developer/msbuild/2003">
  <ItemGroup>
    <Filter Include="Header Files">
      <UniqueIdentifier>{838563e6-eb4f-40da-a50a-8c0d0a391d80}</UniqueIdentifier>
      <Extensions>h;hpp;hxx;hm;inl;inc;xsd</Extensions>
    </Filter>
    <Filter Include="Source Files">
      <UniqueIdentifier>{856f9f4e-9bc2-4ddc-ab03-d785f4e59e78}</UniqueIdentifier>
      <Extensions>cpp;c;cc;cxx;def;odl;idl;hpj;bat;asm;asmx</Extensions>
    </Filter>
    <Filter Include="Resource Files">
      <UniqueIdentifier>{55f80cdf-041a-4bdc-ad85-729e415f853a}</UniqueIdentifier>
      <Extensions>rc;ico;cur;bmp;dlg;rc2;rct;bin;rgs;gif;jpg;jpeg;jpe;resx;tiff;tif;png;wav;mfcribbon-ms</Extensions>
    </Filter>
    <Filter Include="Header Files\evaluators">
      <UniqueIdentifier>{cdd3299e-4082-4fff-b094-276c8c7d60f3}</UniqueIdentifier>
    </Filter>
    <Filter Include="Header Files\planners">
      <UniqueIdentifier>{5a346907-1b1d-4cdf-834b-4997e1723f9e}</UniqueIdentifier>
    </Filter>
    <Filter Include="Header Files\engine">
      <UniqueIdentifier>{9936600b-42b4-4f8e-b70f-0485009227fe}</UniqueIdentifier>
    </Filter>
    <Filter Include="Header Files\planners\planner_minimax">
      <UniqueIdentifier>{84e8edf7-93f6-4090-a5cd-d48c291accb3}</UniqueIdentifier>
    </Filter>
    <Filter Include="Source Files\evaluators">
      <UniqueIdentifier>{ad10be00-d14e-4f13-a410-35521c5ca706}</UniqueIdentifier>
    </Filter>
    <Filter Include="Source Files\planners">
      <UniqueIdentifier>{894d8bd6-5c2b-4cf5-a4fd-fd8c2daa57c8}</UniqueIdentifier>
    </Filter>
    <Filter Include="Source Files\planners\planner_minimax">
      <UniqueIdentifier>{36d1be54-5a76-4987-a4e9-4afe3cd5d31b}</UniqueIdentifier>
    </Filter>
    <Filter Include="Header Files\neural">
      <UniqueIdentifier>{f0f5c308-b59f-443c-9162-3089ef2ddbe0}</UniqueIdentifier>
    </Filter>
    <Filter Include="Source Files\neural">
      <UniqueIdentifier>{94a44e49-89c9-4bd1-a99b-863c1cfac1c5}</UniqueIdentifier>
    </Filter>
    <Filter Include="Source Files\gen4">
      <UniqueIdentifier>{5095f4b6-96f5-4ff1-939a-5238d830d575}</UniqueIdentifier>
    </Filter>
    <Filter Include="Header Files\trainer">
      <UniqueIdentifier>{dbfba077-a954-4542-a0e4-993ab1e698a6}</UniqueIdentifier>
    </Filter>
    <Filter Include="Header Files\trainer\ranked">
      <UniqueIdentifier>{62cc3ddb-b8dd-4a5a-9d41-90c360e58f30}</UniqueIdentifier>
    </Filter>
    <Filter Include="Source Files\trainer">
      <UniqueIdentifier>{aee4f552-15d5-4175-b2a8-bcacdc9d9986}</UniqueIdentifier>
    </Filter>
    <Filter Include="Source Files\trainer\ranked">
      <UniqueIdentifier>{8500ad59-e2ed-4ed5-bd55-cb98d4cd8b75}</UniqueIdentifier>
    </Filter>
  </ItemGroup>
  <ItemGroup>
    <ClCompile Include="plannerEntropyTest.cpp">
      <Filter>Source Files</Filter>
    </ClCompile>
    <ClCompile Include="..\..\src\signature.cpp">
      <Filter>Source Files</Filter>
    </ClCompile>
    <ClCompile Include="..\..\src\fixedpoint\fixed_func.cpp">
      <Filter>Source Files</Filter>
    </ClCompile>
    <ClCompile Include="..\..\src\game.cpp">
      <Filter>Source Files</Filter>
    </ClCompile>
    <ClCompile Include="..\..\src\agentMove.cpp">
      <Filter>Source Files\planners\planner_minimax</Filter>
    </ClCompile>
    <ClCompile Include="..\..\src\evaluator.cpp">
      <Filter>Source Files\evaluators</Filter>
    </ClCompile>
    <ClCompile Include="..\..\src\evaluator_network128.cpp">
      <Filter>Source Files\evaluators</Filter>
    </ClCompile>
    <ClCompile Include="..\..\src\evaluator_random.cpp">
      <Filter>Source Files\evaluators</Filter>
    </ClCompile>
    <ClCompile Include="..\..\src\evaluator_network16.cpp">
      <Filter>Source Files\evaluators</Filter>
    </ClCompile>
    <ClCompile Include="..\..\src\evaluator_simple.cpp">
      <Filter>Source Files\evaluators</Filter>
    </ClCompile>
    <ClCompile Include="..\..\src\orderHeuristic.cpp">
      <Filter>Source Files\planners\planner_minimax</Filter>
    </ClCompile>
    <ClCompile Include="..\..\src\otherMove.cpp">
      <Filter>Source Files\planners\planner_minimax</Filter>
    </ClCompile>
    <ClCompile Include="..\..\src\planner.cpp">
      <Filter>Source Files\planners</Filter>
    </ClCompile>
    <ClCompile Include="..\..\src\planner_human.cpp">
      <Filter>Source Files\planners</Filter>
    </ClCompile>
    <ClCompile Include="..\..\src\planner_max.cpp">
      <Filter>Source Files\planners</Filter>
    </ClCompile>
    <ClCompile Include="..\..\src\planner_minimax.cpp">
      <Filter>Source Files\planners</Filter>
    </ClCompile>
    <ClCompile Include="..\..\src\planner_random.cpp">
      <Filter>Source Files\planners</Filter>
    </ClCompile>
    <ClCompile Include="..\..\src\planner_stochastic.cpp">
      <Filter>Source Files\planners</Filter>
    </ClCompile>
    <ClCompile Include="..\..\src\planner_minimax_thread.cpp">
      <Filter>Source Files\planners\planner_minimax</Filter>
    </ClCompile>
    <ClCompile Include="..\..\src\ply.cpp">
      <Filter>Source Files\planners\planner_minimax</Filter>
    </ClCompile>
    <ClCompile Include="..\..\src\vertex.cpp">
      <Filter>Source Files\planners\planner_minimax</Filter>
    </ClCompile>
    <ClCompile Include="..\..\src\transposition_table.cpp">
      <Filter>Source Files\planners\planner_minimax</Filter>
    </ClCompile>
    <ClCompile Include="..\..\src\neuralNet.cpp">
      <Filter>Source Files\neural</Filter>
    </ClCompile>
    <ClCompile Include="..\..\src\evaluator_featureVector.cpp">
      <Filter>Source Files\evaluators</Filter>
    </ClCompile>
    <ClCompile Include="..\..\src\planner_directed.cpp">
      <Filter>Source Files\planners</Filter>
    </ClCompile>
    <ClCompile Include="..\..\src\experienceNet.cpp">
      <Filter>Source Files\neural</Filter>
    </ClCompile>
    <ClCompile Include="..\..\src\gen4_scripts.cpp">
      <Filter>Source Files\gen4</Filter>
    </ClCompile>
    <ClCompile Include="..\..\src\evaluator_network32.cpp">
      <Filter>Source Files\evaluators</Filter>
    </ClCompile>
    <ClCompile Include="..\..\src\evaluator_network64.cpp">
      <Filter>Source Files\evaluators</Filter>
    </ClCompile>
    <ClCompile Include="..\..\src\ranked_team.cpp">
      <Filter>Source Files\trainer\ranked</Filter>
    </ClCompile>
    <ClCompile Include="..\..\src\trueSkill.cpp">
      <Filter>Source Files\trainer</Filter>
    </ClCompile>
    <ClCompile Include="..\..\src\ranked.cpp">
      <Filter>Source Files\trainer\ranked</Filter>
    </ClCompile>
  </ItemGroup>
  <ItemGroup>
    <ClInclude Include="..\..\inc\pkai.h">
      <Filter>Header Files</Filter>
    </ClInclude>
    <ClInclude Include="..\..\inc\orphan.h">
      <Filter>Header Files</Filter>
    </ClInclude>
    <ClInclude Include="..\..\inc\roulette.h">
      <Filter>Header Files</Filter>
    </ClInclude>
    <ClInclude Include="..\..\src\fixedpoint\fixed_class.h">
      <Filter>Header Files</Filter>
    </ClInclude>
    <ClInclude Include="..\..\src\fixedpoint\fixed_func.h">
      <Filter>Header Files</Filter>
    </ClInclude>
    <ClInclude Include="..\..\src\fixedpoint\fixsintab.h">
      <Filter>Header Files</Filter>
    </ClInclude>
    <ClInclude Include="..\..\inc\game.h">
      <Filter>Header Files</Filter>
    </ClInclude>
    <ClInclude Include="..\..\inc\evaluator.h">
      <Filter>Header Files\evaluators</Filter>
    </ClInclude>
    <ClInclude Include="..\..\inc\evaluator_network128.h">
      <Filter>Header Files\evaluators</Filter>
    </ClInclude>
    <ClInclude Include="..\..\inc\evaluator_random.h">
      <Filter>Header Files\evaluators</Filter>
    </ClInclude>
    <ClInclude Include="..\..\inc\evaluator_simple.h">
      <Filter>Header Files\evaluators</Filter>
    </ClInclude>
    <ClInclude Include="..\..\inc\evaluator_network16.h">
      <Filter>Header Files\evaluators</Filter>
    </ClInclude>
    <ClInclude Include="..\..\inc\planner_human.h">
      <Filter>Header Files\planners</Filter>
    </ClInclude>
    <ClInclude Include="..\..\inc\planner.h">
      <Filter>Header Files\planners</Filter>
    </ClInclude>
    <ClInclude Include="..\..\inc\planner_max.h">
      <Filter>Header Files\planners</Filter>
    </ClInclude>
    <ClInclude Include="..\..\inc\planner_random.h">
      <Filter>Header Files\planners</Filter>
    </ClInclude>
    <ClInclude Include="..\..\inc\planner_stochastic.h">
      <Filter>Header Files\planners</Filter>
    </ClInclude>
    <ClInclude Include="..\..\inc\ability.h">
      <Filter>Header Files\engine</Filter>
    </ClInclude>
    <ClInclude Include="..\..\inc\environment_nonvolatile.h">
      <Filter>Header Files\engine</Filter>
    </ClInclude>
    <ClInclude Include="..\..\inc\environment_possible.h">
      <Filter>Header Files\engine</Filter>
    </ClInclude>
    <ClInclude Include="..\..\inc\environment_volatile.h">
      <Filter>Header Files\engine</Filter>
    </ClInclude>
    <ClInclude Include="..\..\inc\move.h">
      <Filter>Header Files\engine</Filter>
    </ClInclude>
    <ClInclude Include="..\..\inc\item.h">
      <Filter>Header Files\engine</Filter>
    </ClInclude>
    <ClInclude Include="..\..\inc\move_nonvolatile.h">
      <Filter>Header Files\engine</Filter>
    </ClInclude>
    <ClInclude Include="..\..\inc\move_volatile.h">
      <Filter>Header Files\engine</Filter>
    </ClInclude>
    <ClInclude Include="..\..\inc\nature.h">
      <Filter>Header Files\engine</Filter>
    </ClInclude>
    <ClInclude Include="..\..\inc\type.h">
      <Filter>Header Files\engine</Filter>
    </ClInclude>
    <ClInclude Include="..\..\inc\team_volatile.h">
      <Filter>Header Files\engine</Filter>
    </ClInclude>
    <ClInclude Include="..\..\inc\pokemon_volatile.h">
      <Filter>Header Files\engine</Filter>
    </ClInclude>
    <ClInclude Include="..\..\inc\pokemon_nonvolatile.h">
      <Filter>Header Files\engine</Filter>
    </ClInclude>
    <ClInclude Include="..\..\inc\pokemon_base.h">
      <Filter>Header Files\engine</Filter>
    </ClInclude>
    <ClInclude Include="..\..\inc\pokedex.h">
      <Filter>Header Files\engine</Filter>
    </ClInclude>
    <ClInclude Include="..\..\inc\plugin.h">
      <Filter>Header Files\engine</Filter>
    </ClInclude>
    <ClInclude Include="..\..\inc\pluggable_types.h">
      <Filter>Header Files\engine</Filter>
    </ClInclude>
    <ClInclude Include="..\..\inc\pluggable.h">
      <Filter>Header Files\engine</Filter>
    </ClInclude>
    <ClInclude Include="..\..\inc\pkCU.h">
      <Filter>Header Files\engine</Filter>
    </ClInclude>
    <ClInclude Include="..\..\inc\agentMove.h">
      <Filter>Header Files\planners\planner_minimax</Filter>
    </ClInclude>
    <ClInclude Include="..\..\inc\otherMove.h">
      <Filter>Header Files\planners\planner_minimax</Filter>
    </ClInclude>
    <ClInclude Include="..\..\inc\ply.h">
      <Filter>Header Files\planners\planner_minimax</Filter>
    </ClInclude>
    <ClInclude Include="..\..\inc\vertex.h">
      <Filter>Header Files\planners\planner_minimax</Filter>
    </ClInclude>
    <ClInclude Include="..\..\inc\transposition_table.h">
      <Filter>Header Files\planners\planner_minimax</Filter>
    </ClInclude>
    <ClInclude Include="..\..\inc\orderHeuristic.h">
      <Filter>Header Files\planners\planner_minimax</Filter>
    </ClInclude>
    <ClInclude Include="..\..\inc\planner_minimax_thread.h">
      <Filter>Header Files\planners\planner_minimax</Filter>
    </ClInclude>
    <ClInclude Include="..\..\inc\name.h">
      <Filter>Header Files</Filter>
    </ClInclude>
    <ClInclude Include="..\..\inc\signature.h">
      <Filter>Header Files</Filter>
    </ClInclude>
    <ClInclude Include="..\..\inc\evaluator_featureVector.h">
      <Filter>Header Files\evaluators</Filter>
    </ClInclude>
    <ClInclude Include="..\..\inc\neuralNet.h">
      <Filter>Header Files\neural</Filter>
    </ClInclude>
    <ClInclude Include="..\..\inc\planner_directed.h">
      <Filter>Header Files\planners</Filter>
    </ClInclude>
    <ClInclude Include="..\..\inc\experienceNet.h">
      <Filter>Header Files\neural</Filter>
    </ClInclude>
    <ClInclude Include="..\..\inc\planner_minimax.h">
      <Filter>Header Files\planners\planner_minimax</Filter>
    </ClInclude>
    <ClInclude Include="..\..\inc\evaluator_network32.h">
      <Filter>Header Files\evaluators</Filter>
    </ClInclude>
    <ClInclude Include="..\..\inc\evaluator_network64.h">
      <Filter>Header Files\evaluators</Filter>
    </ClInclude>
    <ClInclude Include="..\..\inc\ranked_team.h">
      <Filter>Header Files\trainer\ranked</Filter>
    </ClInclude>
    <ClInclude Include="..\..\inc\ranked.h">
      <Filter>Header Files\trainer\ranked</Filter>
    </ClInclude>
    <ClInclude Include="..\..\inc\trueSkill.h">
      <Filter>Header Files\trainer</Filter>
    </ClInclude>
  </ItemGroup>
</Project>